
Microsoft Visual Studio Solution File, Format Version 12.00
# Visual Studio 15
VisualStudioVersion = 15.0.27703.2042
MinimumVisualStudioVersion = 10.0.40219.1
Project("{9A19103F-16F7-4668-BE54-9A1E7A4F7556}") = "MyFramework.WebUI", "MyFramework.WebUI.csproj", "{2B778609-320F-4785-A372-BE4031C90A7B}"
EndProject
Global
	GlobalSection(SolutionConfigurationPlatforms) = preSolution
		Debug|Any CPU = Debug|Any CPU
		Release|Any CPU = Release|Any CPU
	EndGlobalSection
	GlobalSection(ProjectConfigurationPlatforms) = postSolution
		{2B778609-320F-4785-A372-BE4031C90A7B}.Debug|Any CPU.ActiveCfg = Debug|Any CPU
		{2B778609-320F-4785-A372-BE4031C90A7B}.Debug|Any CPU.Build.0 = Debug|Any CPU
		{2B778609-320F-4785-A372-BE4031C90A7B}.Release|Any CPU.ActiveCfg = Release|Any CPU
		{2B778609-320F-4785-A372-BE4031C90A7B}.Release|Any CPU.Build.0 = Release|Any CPU
	EndGlobalSection
	GlobalSection(SolutionProperties) = preSolution
		HideSolutionNode = FALSE
	EndGlobalSection
	GlobalSection(ExtensibilityGlobals) = postSolution
		SolutionGuid = {C5E694A4-AD59-4C01-B29D-B93F8B6C27A0}
	EndGlobalSection
EndGlobal
